{
    "name": "@jlrwi/es-static-types",
    "version": "1.0.0",
    "lockfileVersion": 1,
    "requires": true,
    "dependencies": {
        "@jlrwi/adt_tests": {
            "version": "1.0.0",
            "requires": {
                "@jlrwi/combinators": "*",
                "@jlrwi/esfunctions": "*"
            },
            "dependencies": {
                "@jlrwi/combinators": {
                    "version": "1.0.0"
                },
                "@jlrwi/esfunctions": {
                    "version": "1.0.0",
                    "dependencies": {
                        "@jlrwi/jscheck": {
                            "dependencies": {
                                "@jlrwi/fulfill": {}
                            }
                        }
                    }
                }
            }
        },
        "@jlrwi/combinators": {
            "version": "1.0.0"
        },
        "@jlrwi/esfunctions": {
            "version": "1.0.0",
            "dependencies": {
                "@jlrwi/jscheck": {
                    "dependencies": {}
                }
            }
        },
        "@jlrwi/jscheck": {
            "version": "1.0.0",
            "dev": true,
            "requires": {
                "fulfill": "*"
            },
            "dependencies": {
                "@jlrwi/fulfill": {},
                "fulfill": {
                    "version": "0.0.2",
                    "resolved": "https://registry.npmjs.org/fulfill/-/fulfill-0.0.2.tgz",
                    "integrity": "sha1-hgI5LTs89fzIfTwbpCM612b9T4k=",
                    "dev": true
                }
            }
        },
        "@jlrwi/package-processor": {
            "version": "1.0.0",
            "dev": true,
            "requires": {
                "@jlrwi/argument_parser": "*",
                "@jlrwi/combinators": "*",
                "@jlrwi/ecomcon": "*",
                "@jlrwi/esfunctions": "*",
                "@jlrwi/fs_requestors": "*",
                "@jlrwi/parseq": "*",
                "@jlrwi/requestors": "*"
            },
            "dependencies": {
                "@jlrwi/argument_parser": {
                    "version": "1.0.0",
                    "dev": true
                },
                "@jlrwi/combinators": {
                    "version": "1.0.0",
                    "dev": true
                },
                "@jlrwi/ecomcon": {
                    "version": "1.0.0",
                    "dev": true
                },
                "@jlrwi/esfunctions": {
                    "version": "1.0.0",
                    "dev": true,
                    "dependencies": {
                        "@jlrwi/jscheck": {
                            "dependencies": {}
                        }
                    }
                },
                "@jlrwi/fs_requestors": {
                    "version": "1.0.0",
                    "dev": true,
                    "requires": {
                        "@jlrwi/esfunctions": "*"
                    },
                    "dependencies": {
                        "@jlrwi/esfunctions": {
                            "version": "1.0.0",
                            "dev": true,
                            "dependencies": {
                                "@jlrwi/jscheck": {
                                    "dependencies": {}
                                }
                            }
                        }
                    }
                },
                "@jlrwi/parseq": {
                    "version": "1.0.0",
                    "dev": true
                },
                "@jlrwi/requestors": {
                    "version": "1.0.0",
                    "dev": true
                }
            }
        }
    }
}
