{
    "name": "@jlrwi/es-static-types",
    "version": "1.2.0",
    "lockfileVersion": 2,
    "requires": true,
    "packages": {
        "": {
            "name": "@jlrwi/es-static-types",
            "version": "1.2.0",
            "license": "ISC",
            "dependencies": {
                "@jlrwi/combinators": "file:../combinators",
                "@jlrwi/esfunctions": "file:../esfunctions"
            },
            "devDependencies": {
                "@jlrwi/adt_tests": "file:../adt_tests",
                "@jlrwi/jscheck": "file:../jscheck",
                "@jlrwi/package-processor": "file:../pkg_processor"
            }
        },
        "../adt_tests": {
            "version": "1.0.0",
            "dev": true,
            "license": "ISC",
            "dependencies": {
                "@jlrwi/combinators": "*",
                "@jlrwi/esfunctions": "*"
            }
        },
        "../combinators": {
            "name": "@jlrwi/combinators",
            "version": "1.1.0",
            "license": "ISC"
        },
        "../esfunctions": {
            "name": "@jlrwi/esfunctions",
            "version": "1.2.0",
            "license": "ISC",
            "devDependencies": {
                "@jlrwi/jscheck": "*"
            }
        },
        "../jscheck": {
            "name": "@jlrwi/jscheck",
            "version": "1.0.1",
            "dev": true,
            "license": "ISC",
            "dependencies": {
                "@jlrwi/fulfill": "*"
            }
        },
        "../pkg_processor": {
            "name": "@jlrwi/package-processor",
            "version": "1.0.1",
            "dev": true,
            "license": "ISC",
            "dependencies": {
                "@jlrwi/argument_parser": "*",
                "@jlrwi/combinators": "*",
                "@jlrwi/ecomcon": "*",
                "@jlrwi/esfunctions": "*",
                "@jlrwi/fs_requestors": "*",
                "@jlrwi/parseq": "*",
                "@jlrwi/requestors": "*"
            },
            "bin": {
                "batch-process": "bin/batch-process.js",
                "extract-doc": "bin/extract_doc.js",
                "extract-min": "bin/extract_min.js",
                "extract-test": "bin/extract_test.js"
            }
        },
        "node_modules/@jlrwi/adt_tests": {
            "resolved": "../adt_tests",
            "link": true
        },
        "node_modules/@jlrwi/combinators": {
            "resolved": "../combinators",
            "link": true
        },
        "node_modules/@jlrwi/esfunctions": {
            "resolved": "../esfunctions",
            "link": true
        },
        "node_modules/@jlrwi/jscheck": {
            "resolved": "../jscheck",
            "link": true
        },
        "node_modules/@jlrwi/package-processor": {
            "resolved": "../pkg_processor",
            "link": true
        }
    },
    "dependencies": {
        "@jlrwi/adt_tests": {
            "version": "file:../adt_tests",
            "requires": {
                "@jlrwi/combinators": "*",
                "@jlrwi/esfunctions": "*"
            }
        },
        "@jlrwi/combinators": {
            "version": "file:../combinators"
        },
        "@jlrwi/esfunctions": {
            "version": "file:../esfunctions",
            "requires": {
                "@jlrwi/jscheck": "*"
            }
        },
        "@jlrwi/jscheck": {
            "version": "file:../jscheck",
            "requires": {
                "@jlrwi/fulfill": "*"
            }
        },
        "@jlrwi/package-processor": {
            "version": "file:../pkg_processor",
            "requires": {
                "@jlrwi/argument_parser": "*",
                "@jlrwi/combinators": "*",
                "@jlrwi/ecomcon": "*",
                "@jlrwi/esfunctions": "*",
                "@jlrwi/fs_requestors": "*",
                "@jlrwi/parseq": "*",
                "@jlrwi/requestors": "*"
            }
        }
    }
}
